
Microsoft Visual Studio Solution File, Format Version 12.00
# Visual Studio Version 17
VisualStudioVersion = 17.7.34221.43
MinimumVisualStudioVersion = 10.0.40219.1
Project("{FAE04EC0-301F-11D3-BF4B-00C04F79EFBC}") = "Music", "Music\Music.csproj", "{7F64C5D9-EDB5-4224-B6B2-ED4939F9B003}"
EndProject
Global
	GlobalSection(SolutionConfigurationPlatforms) = preSolution
		Debug|Any CPU = Debug|Any CPU
		Release|Any CPU = Release|Any CPU
	EndGlobalSection
	GlobalSection(ProjectConfigurationPlatforms) = postSolution
		{7F64C5D9-EDB5-4224-B6B2-ED4939F9B003}.Debug|Any CPU.ActiveCfg = Debug|Any CPU
		{7F64C5D9-EDB5-4224-B6B2-ED4939F9B003}.Debug|Any CPU.Build.0 = Debug|Any CPU
		{7F64C5D9-EDB5-4224-B6B2-ED4939F9B003}.Release|Any CPU.ActiveCfg = Release|Any CPU
		{7F64C5D9-EDB5-4224-B6B2-ED4939F9B003}.Release|Any CPU.Build.0 = Release|Any CPU
	EndGlobalSection
	GlobalSection(SolutionProperties) = preSolution
		HideSolutionNode = FALSE
	EndGlobalSection
	GlobalSection(ExtensibilityGlobals) = postSolution
		SolutionGuid = {BF13585A-E3F8-4C74-9440-42DC7815F4EF}
	EndGlobalSection
EndGlobal
